// !$*UTF8*$!
{
	archiveVersion = 1;
	classes = {
	};
	objectVersion = 52;
	objects = {

/* Begin PBXBuildFile section */
		F634C7CA24F5956B00364D38 /* SwiftUIFontIcon in Frameworks */ = {isa = PBXBuildFile; productRef = F634C7C924F5956B00364D38 /* SwiftUIFontIcon */; };
		F64837C224F585100092E934 /* AppDelegate.swift in Sources */ = {isa = PBXBuildFile; fileRef = F64837C124F585100092E934 /* AppDelegate.swift */; };
		F64837C424F585100092E934 /* ContentView.swift in Sources */ = {isa = PBXBuildFile; fileRef = F64837C324F585100092E934 /* ContentView.swift */; };
		F64837C624F585120092E934 /* Assets.xcassets in Resources */ = {isa = PBXBuildFile; fileRef = F64837C524F585120092E934 /* Assets.xcassets */; };
		F64837C924F585120092E934 /* Preview Assets.xcassets in Resources */ = {isa = PBXBuildFile; fileRef = F64837C824F585120092E934 /* Preview Assets.xcassets */; };
		F64837CC24F585120092E934 /* Main.storyboard in Resources */ = {isa = PBXBuildFile; fileRef = F64837CA24F585120092E934 /* Main.storyboard */; };
/* End PBXBuildFile section */

/* Begin PBXFileReference section */
		F64837BE24F585100092E934 /* SwiftUIFontIconDemo_osx.app */ = {isa = PBXFileReference; explicitFileType = wrapper.application; includeInIndex = 0; path = SwiftUIFontIconDemo_osx.app; sourceTree = BUILT_PRODUCTS_DIR; };
		F64837C124F585100092E934 /* AppDelegate.swift */ = {isa = PBXFileReference; lastKnownFileType = sourcecode.swift; path = AppDelegate.swift; sourceTree = "<group>"; };
		F64837C324F585100092E934 /* ContentView.swift */ = {isa = PBXFileReference; lastKnownFileType = sourcecode.swift; path = ContentView.swift; sourceTree = "<group>"; };
		F64837C524F585120092E934 /* Assets.xcassets */ = {isa = PBXFileReference; lastKnownFileType = folder.assetcatalog; path = Assets.xcassets; sourceTree = "<group>"; };
		F64837C824F585120092E934 /* Preview Assets.xcassets */ = {isa = PBXFileReference; lastKnownFileType = folder.assetcatalog; path = "Preview Assets.xcassets"; sourceTree = "<group>"; };
		F64837CB24F585120092E934 /* Base */ = {isa = PBXFileReference; lastKnownFileType = file.storyboard; name = Base; path = Base.lproj/Main.storyboard; sourceTree = "<group>"; };
		F64837CD24F585120092E934 /* Info.plist */ = {isa = PBXFileReference; lastKnownFileType = text.plist.xml; path = Info.plist; sourceTree = "<group>"; };
		F64837CE24F585120092E934 /* SwiftUIFontIconDemo_osx.entitlements */ = {isa = PBXFileReference; lastKnownFileType = text.plist.entitlements; path = SwiftUIFontIconDemo_osx.entitlements; sourceTree = "<group>"; };
/* End PBXFileReference section */

/* Begin PBXFrameworksBuildPhase section */
		F64837BB24F585100092E934 /* Frameworks */ = {
			isa = PBXFrameworksBuildPhase;
			buildActionMask = 2147483647;
			files = (
				F634C7CA24F5956B00364D38 /* SwiftUIFontIcon in Frameworks */,
			);
			runOnlyForDeploymentPostprocessing = 0;
		};
/* End PBXFrameworksBuildPhase section */

/* Begin PBXGroup section */
		F64837B524F585100092E934 = {
			isa = PBXGroup;
			children = (
				F64837C024F585100092E934 /* SwiftUIFontIconDemo_osx */,
				F64837BF24F585100092E934 /* Products */,
				F6A37B9224F585F100CCD33F /* Frameworks */,
			);
			sourceTree = "<group>";
		};
		F64837BF24F585100092E934 /* Products */ = {
			isa = PBXGroup;
			children = (
				F64837BE24F585100092E934 /* SwiftUIFontIconDemo_osx.app */,
			);
			name = Products;
			sourceTree = "<group>";
		};
		F64837C024F585100092E934 /* SwiftUIFontIconDemo_osx */ = {
			isa = PBXGroup;
			children = (
				F64837C124F585100092E934 /* AppDelegate.swift */,
				F64837C324F585100092E934 /* ContentView.swift */,
				F64837C524F585120092E934 /* Assets.xcassets */,
				F64837CA24F585120092E934 /* Main.storyboard */,
				F64837CD24F585120092E934 /* Info.plist */,
				F64837CE24F585120092E934 /* SwiftUIFontIconDemo_osx.entitlements */,
				F64837C724F585120092E934 /* Preview Content */,
			);
			path = SwiftUIFontIconDemo_osx;
			sourceTree = "<group>";
		};
		F64837C724F585120092E934 /* Preview Content */ = {
			isa = PBXGroup;
			children = (
				F64837C824F585120092E934 /* Preview Assets.xcassets */,
			);
			path = "Preview Content";
			sourceTree = "<group>";
		};
		F6A37B9224F585F100CCD33F /* Frameworks */ = {
			isa = PBXGroup;
			children = (
			);
			name = Frameworks;
			sourceTree = "<group>";
		};
/* End PBXGroup section */

/* Begin PBXNativeTarget section */
		F64837BD24F585100092E934 /* SwiftUIFontIconDemo_osx */ = {
			isa = PBXNativeTarget;
			buildConfigurationList = F64837D124F585120092E934 /* Build configuration list for PBXNativeTarget "SwiftUIFontIconDemo_osx" */;
			buildPhases = (
				F64837BA24F585100092E934 /* Sources */,
				F64837BB24F585100092E934 /* Frameworks */,
				F64837BC24F585100092E934 /* Resources */,
			);
			buildRules = (
			);
			dependencies = (
			);
			name = SwiftUIFontIconDemo_osx;
			packageProductDependencies = (
				F634C7C924F5956B00364D38 /* SwiftUIFontIcon */,
			);
			productName = SwiftUIFontIconDemo_osx;
			productReference = F64837BE24F585100092E934 /* SwiftUIFontIconDemo_osx.app */;
			productType = "com.apple.product-type.application";
		};
/* End PBXNativeTarget section */

/* Begin PBXProject section */
		F64837B624F585100092E934 /* Project object */ = {
			isa = PBXProject;
			attributes = {
				LastSwiftUpdateCheck = 1160;
				LastUpgradeCheck = 1160;
				ORGANIZATIONNAME = "Huy Bui Dac";
				TargetAttributes = {
					F64837BD24F585100092E934 = {
						CreatedOnToolsVersion = 11.6;
					};
				};
			};
			buildConfigurationList = F64837B924F585100092E934 /* Build configuration list for PBXProject "SwiftUIFontIconDemo_osx" */;
			compatibilityVersion = "Xcode 9.3";
			developmentRegion = en;
			hasScannedForEncodings = 0;
			knownRegions = (
				en,
				Base,
			);
			mainGroup = F64837B524F585100092E934;
			productRefGroup = F64837BF24F585100092E934 /* Products */;
			projectDirPath = "";
			projectRoot = "";
			targets = (
				F64837BD24F585100092E934 /* SwiftUIFontIconDemo_osx */,
			);
		};
/* End PBXProject section */

/* Begin PBXResourcesBuildPhase section */
		F64837BC24F585100092E934 /* Resources */ = {
			isa = PBXResourcesBuildPhase;
			buildActionMask = 2147483647;
			files = (
				F64837CC24F585120092E934 /* Main.storyboard in Resources */,
				F64837C924F585120092E934 /* Preview Assets.xcassets in Resources */,
				F64837C624F585120092E934 /* Assets.xcassets in Resources */,
			);
			runOnlyForDeploymentPostprocessing = 0;
		};
/* End PBXResourcesBuildPhase section */

/* Begin PBXSourcesBuildPhase section */
		F64837BA24F585100092E934 /* Sources */ = {
			isa = PBXSourcesBuildPhase;
			buildActionMask = 2147483647;
			files = (
				F64837C424F585100092E934 /* ContentView.swift in Sources */,
				F64837C224F585100092E934 /* AppDelegate.swift in Sources */,
			);
			runOnlyForDeploymentPostprocessing = 0;
		};
/* End PBXSourcesBuildPhase section */

/* Begin PBXVariantGroup section */
		F64837CA24F585120092E934 /* Main.storyboard */ = {
			isa = PBXVariantGroup;
			children = (
				F64837CB24F585120092E934 /* Base */,
			);
			name = Main.storyboard;
			sourceTree = "<group>";
		};
/* End PBXVariantGroup section */

/* Begin XCBuildConfiguration section */
		F64837CF24F585120092E934 /* Debug */ = {
			isa = XCBuildConfiguration;
			buildSettings = {
				ALWAYS_SEARCH_USER_PATHS = NO;
				CLANG_ANALYZER_NONNULL = YES;
				CLANG_ANALYZER_NUMBER_OBJECT_CONVERSION = YES_AGGRESSIVE;
				CLANG_CXX_LANGUAGE_STANDARD = "gnu++14";
				CLANG_CXX_LIBRARY = "libc++";
				CLANG_ENABLE_MODULES = YES;
				CLANG_ENABLE_OBJC_ARC = YES;
				CLANG_ENABLE_OBJC_WEAK = YES;
				CLANG_WARN_BLOCK_CAPTURE_AUTORELEASING = YES;
				CLANG_WARN_BOOL_CONVERSION = YES;
				CLANG_WARN_COMMA = YES;
				CLANG_WARN_CONSTANT_CONVERSION = YES;
				CLANG_WARN_DEPRECATED_OBJC_IMPLEMENTATIONS = YES;
				CLANG_WARN_DIRECT_OBJC_ISA_USAGE = YES_ERROR;
				CLANG_WARN_DOCUMENTATION_COMMENTS = YES;
				CLANG_WARN_EMPTY_BODY = YES;
				CLANG_WARN_ENUM_CONVERSION = YES;
				CLANG_WARN_INFINITE_RECURSION = YES;
				CLANG_WARN_INT_CONVERSION = YES;
				CLANG_WARN_NON_LITERAL_NULL_CONVERSION = YES;
				CLANG_WARN_OBJC_IMPLICIT_RETAIN_SELF = YES;
				CLANG_WARN_OBJC_LITERAL_CONVERSION = YES;
				CLANG_WARN_OBJC_ROOT_CLASS = YES_ERROR;
				CLANG_WARN_RANGE_LOOP_ANALYSIS = YES;
				CLANG_WARN_STRICT_PROTOTYPES = YES;
				CLANG_WARN_SUSPICIOUS_MOVE = YES;
				CLANG_WARN_UNGUARDED_AVAILABILITY = YES_AGGRESSIVE;
				CLANG_WARN_UNREACHABLE_CODE = YES;
				CLANG_WARN__DUPLICATE_METHOD_MATCH = YES;
				COPY_PHASE_STRIP = NO;
				DEBUG_INFORMATION_FORMAT = dwarf;
				ENABLE_STRICT_OBJC_MSGSEND = YES;
				ENABLE_TESTABILITY = YES;
				GCC_C_LANGUAGE_STANDARD = gnu11;
				GCC_DYNAMIC_NO_PIC = NO;
				GCC_NO_COMMON_BLOCKS = YES;
				GCC_OPTIMIZATION_LEVEL = 0;
				GCC_PREPROCESSOR_DEFINITIONS = (
					"DEBUG=1",
					"$(inherited)",
				);
				GCC_WARN_64_TO_32_BIT_CONVERSION = YES;
				GCC_WARN_ABOUT_RETURN_TYPE = YES_ERROR;
				GCC_WARN_UNDECLARED_SELECTOR = YES;
				GCC_WARN_UNINITIALIZED_AUTOS = YES_AGGRESSIVE;
				GCC_WARN_UNUSED_FUNCTION = YES;
				GCC_WARN_UNUSED_VARIABLE = YES;
				MACOSX_DEPLOYMENT_TARGET = 10.16;
				MTL_ENABLE_DEBUG_INFO = INCLUDE_SOURCE;
				MTL_FAST_MATH = YES;
				ONLY_ACTIVE_ARCH = YES;
				SDKROOT = macosx;
				SWIFT_ACTIVE_COMPILATION_CONDITIONS = DEBUG;
				SWIFT_OPTIMIZATION_LEVEL = "-Onone";
			};
			name = Debug;
		};
		F64837D024F585120092E934 /* Release */ = {
			isa = XCBuildConfiguration;
			buildSettings = {
				ALWAYS_SEARCH_USER_PATHS = NO;
				CLANG_ANALYZER_NONNULL = YES;
				CLANG_ANALYZER_NUMBER_OBJECT_CONVERSION = YES_AGGRESSIVE;
				CLANG_CXX_LANGUAGE_STANDARD = "gnu++14";
				CLANG_CXX_LIBRARY = "libc++";
				CLANG_ENABLE_MODULES = YES;
				CLANG_ENABLE_OBJC_ARC = YES;
				CLANG_ENABLE_OBJC_WEAK = YES;
				CLANG_WARN_BLOCK_CAPTURE_AUTORELEASING = YES;
				CLANG_WARN_BOOL_CONVERSION = YES;
				CLANG_WARN_COMMA = YES;
				CLANG_WARN_CONSTANT_CONVERSION = YES;
				CLANG_WARN_DEPRECATED_OBJC_IMPLEMENTATIONS = YES;
				CLANG_WARN_DIRECT_OBJC_ISA_USAGE = YES_ERROR;
				CLANG_WARN_DOCUMENTATION_COMMENTS = YES;
				CLANG_WARN_EMPTY_BODY = YES;
				CLANG_WARN_ENUM_CONVERSION = YES;
				CLANG_WARN_INFINITE_RECURSION = YES;
				CLANG_WARN_INT_CONVERSION = YES;
				CLANG_WARN_NON_LITERAL_NULL_CONVERSION = YES;
				CLANG_WARN_OBJC_IMPLICIT_RETAIN_SELF = YES;
				CLANG_WARN_OBJC_LITERAL_CONVERSION = YES;
				CLANG_WARN_OBJC_ROOT_CLASS = YES_ERROR;
				CLANG_WARN_RANGE_LOOP_ANALYSIS = YES;
				CLANG_WARN_STRICT_PROTOTYPES = YES;
				CLANG_WARN_SUSPICIOUS_MOVE = YES;
				CLANG_WARN_UNGUARDED_AVAILABILITY = YES_AGGRESSIVE;
				CLANG_WARN_UNREACHABLE_CODE = YES;
				CLANG_WARN__DUPLICATE_METHOD_MATCH = YES;
				COPY_PHASE_STRIP = NO;
				DEBUG_INFORMATION_FORMAT = "dwarf-with-dsym";
				ENABLE_NS_ASSERTIONS = NO;
				ENABLE_STRICT_OBJC_MSGSEND = YES;
				GCC_C_LANGUAGE_STANDARD = gnu11;
				GCC_NO_COMMON_BLOCKS = YES;
				GCC_WARN_64_TO_32_BIT_CONVERSION = YES;
				GCC_WARN_ABOUT_RETURN_TYPE = YES_ERROR;
				GCC_WARN_UNDECLARED_SELECTOR = YES;
				GCC_WARN_UNINITIALIZED_AUTOS = YES_AGGRESSIVE;
				GCC_WARN_UNUSED_FUNCTION = YES;
				GCC_WARN_UNUSED_VARIABLE = YES;
				MACOSX_DEPLOYMENT_TARGET = 10.16;
				MTL_ENABLE_DEBUG_INFO = NO;
				MTL_FAST_MATH = YES;
				SDKROOT = macosx;
				SWIFT_COMPILATION_MODE = wholemodule;
				SWIFT_OPTIMIZATION_LEVEL = "-O";
			};
			name = Release;
		};
		F64837D224F585120092E934 /* Debug */ = {
			isa = XCBuildConfiguration;
			buildSettings = {
				ASSETCATALOG_COMPILER_APPICON_NAME = AppIcon;
				CODE_SIGN_ENTITLEMENTS = SwiftUIFontIconDemo_osx/SwiftUIFontIconDemo_osx.entitlements;
				CODE_SIGN_STYLE = Automatic;
				COMBINE_HIDPI_IMAGES = YES;
				DEVELOPMENT_ASSET_PATHS = "\"SwiftUIFontIconDemo_osx/Preview Content\"";
				DEVELOPMENT_TEAM = WX5T52FQ4X;
				ENABLE_HARDENED_RUNTIME = YES;
				ENABLE_PREVIEWS = YES;
				INFOPLIST_FILE = SwiftUIFontIconDemo_osx/Info.plist;
				LD_RUNPATH_SEARCH_PATHS = (
					"$(inherited)",
					"@executable_path/../Frameworks",
				);
				MACOSX_DEPLOYMENT_TARGET = 10.15;
				PRODUCT_BUNDLE_IDENTIFIER = "com.huybui.SwiftUIFontIconDemo-osx";
				PRODUCT_NAME = "$(TARGET_NAME)";
				SWIFT_VERSION = 5.0;
			};
			name = Debug;
		};
		F64837D324F585120092E934 /* Release */ = {
			isa = XCBuildConfiguration;
			buildSettings = {
				ASSETCATALOG_COMPILER_APPICON_NAME = AppIcon;
				CODE_SIGN_ENTITLEMENTS = SwiftUIFontIconDemo_osx/SwiftUIFontIconDemo_osx.entitlements;
				CODE_SIGN_STYLE = Automatic;
				COMBINE_HIDPI_IMAGES = YES;
				DEVELOPMENT_ASSET_PATHS = "\"SwiftUIFontIconDemo_osx/Preview Content\"";
				DEVELOPMENT_TEAM = WX5T52FQ4X;
				ENABLE_HARDENED_RUNTIME = YES;
				ENABLE_PREVIEWS = YES;
				INFOPLIST_FILE = SwiftUIFontIconDemo_osx/Info.plist;
				LD_RUNPATH_SEARCH_PATHS = (
					"$(inherited)",
					"@executable_path/../Frameworks",
				);
				MACOSX_DEPLOYMENT_TARGET = 10.15;
				PRODUCT_BUNDLE_IDENTIFIER = "com.huybui.SwiftUIFontIconDemo-osx";
				PRODUCT_NAME = "$(TARGET_NAME)";
				SWIFT_VERSION = 5.0;
			};
			name = Release;
		};
/* End XCBuildConfiguration section */

/* Begin XCConfigurationList section */
		F64837B924F585100092E934 /* Build configuration list for PBXProject "SwiftUIFontIconDemo_osx" */ = {
			isa = XCConfigurationList;
			buildConfigurations = (
				F64837CF24F585120092E934 /* Debug */,
				F64837D024F585120092E934 /* Release */,
			);
			defaultConfigurationIsVisible = 0;
			defaultConfigurationName = Release;
		};
		F64837D124F585120092E934 /* Build configuration list for PBXNativeTarget "SwiftUIFontIconDemo_osx" */ = {
			isa = XCConfigurationList;
			buildConfigurations = (
				F64837D224F585120092E934 /* Debug */,
				F64837D324F585120092E934 /* Release */,
			);
			defaultConfigurationIsVisible = 0;
			defaultConfigurationName = Release;
		};
/* End XCConfigurationList section */

/* Begin XCSwiftPackageProductDependency section */
		F634C7C924F5956B00364D38 /* SwiftUIFontIcon */ = {
			isa = XCSwiftPackageProductDependency;
			productName = SwiftUIFontIcon;
		};
/* End XCSwiftPackageProductDependency section */
	};
	rootObject = F64837B624F585100092E934 /* Project object */;
}
